
Microsoft Visual Studio Solution File, Format Version 12.00
# Visual Studio 14
VisualStudioVersion = 14.0.25420.1
MinimumVisualStudioVersion = 10.0.40219.1
Project("{8BC9CEB8-8B4A-11D0-8D11-00A0C91BC942}") = "BFC", "BFC\BFC.vcxproj", "{283A19D0-5B14-4EB3-81B3-E3DE83B78134}"
EndProject
Project("{8BC9CEB8-8B4A-11D0-8D11-00A0C91BC942}") = "CVX", "CVX\CVX.vcxproj", "{59C17A99-E996-4214-AFCC-8E134AE1D13C}"
EndProject
Project("{8BC9CEB8-8B4A-11D0-8D11-00A0C91BC942}") = "CVRender", "CVRender\CVRender.vcxproj", "{C121EF09-D7FD-4737-903B-2BB60467D471}"
EndProject
Project("{2150E333-8FDC-42A3-9474-1A3956D46DE8}") = "Base", "Base", "{E785957F-3A74-4C21-B924-8A4DAEC44067}"
EndProject
Project("{2150E333-8FDC-42A3-9474-1A3956D46DE8}") = "Render", "Render", "{372587AD-E1D0-4F17-80D9-C285795A66F3}"
EndProject
Project("{8BC9CEB8-8B4A-11D0-8D11-00A0C91BC942}") = "Tools", "Tools\Tools.vcxproj", "{E43B6367-EF23-49A5-A3DD-3AFF3A2E6C4D}"
EndProject
Project("{8BC9CEB8-8B4A-11D0-8D11-00A0C91BC942}") = "EDK", "EDK\EDK.vcxproj", "{318CD2D0-B635-4446-8E50-99A7F406754A}"
EndProject
Project("{8BC9CEB8-8B4A-11D0-8D11-00A0C91BC942}") = "BFCS", "BFCS\BFCS.vcxproj", "{09677054-2EF7-4261-919B-C2B8FBD56C9F}"
EndProject
Project("{2150E333-8FDC-42A3-9474-1A3956D46DE8}") = "Python", "Python", "{3A501786-35A6-46FC-A453-C376A00A5D37}"
EndProject
Project("{8BC9CEB8-8B4A-11D0-8D11-00A0C91BC942}") = "PyCVRender", "PyCVRender\PyCVRender.vcxproj", "{B85140AD-3E68-4B21-8391-10AFF6B489F0}"
EndProject
Global
	GlobalSection(SolutionConfigurationPlatforms) = preSolution
		Debug|x64 = Debug|x64
		Debug|x86 = Debug|x86
		Release|x64 = Release|x64
		Release|x86 = Release|x86
	EndGlobalSection
	GlobalSection(ProjectConfigurationPlatforms) = postSolution
		{283A19D0-5B14-4EB3-81B3-E3DE83B78134}.Debug|x64.ActiveCfg = Debug|x64
		{283A19D0-5B14-4EB3-81B3-E3DE83B78134}.Debug|x64.Build.0 = Debug|x64
		{283A19D0-5B14-4EB3-81B3-E3DE83B78134}.Debug|x86.ActiveCfg = Debug|Win32
		{283A19D0-5B14-4EB3-81B3-E3DE83B78134}.Debug|x86.Build.0 = Debug|Win32
		{283A19D0-5B14-4EB3-81B3-E3DE83B78134}.Release|x64.ActiveCfg = Release|x64
		{283A19D0-5B14-4EB3-81B3-E3DE83B78134}.Release|x64.Build.0 = Release|x64
		{283A19D0-5B14-4EB3-81B3-E3DE83B78134}.Release|x86.ActiveCfg = Release|Win32
		{283A19D0-5B14-4EB3-81B3-E3DE83B78134}.Release|x86.Build.0 = Release|Win32
		{59C17A99-E996-4214-AFCC-8E134AE1D13C}.Debug|x64.ActiveCfg = Debug|x64
		{59C17A99-E996-4214-AFCC-8E134AE1D13C}.Debug|x64.Build.0 = Debug|x64
		{59C17A99-E996-4214-AFCC-8E134AE1D13C}.Debug|x86.ActiveCfg = Debug|Win32
		{59C17A99-E996-4214-AFCC-8E134AE1D13C}.Debug|x86.Build.0 = Debug|Win32
		{59C17A99-E996-4214-AFCC-8E134AE1D13C}.Release|x64.ActiveCfg = Release|x64
		{59C17A99-E996-4214-AFCC-8E134AE1D13C}.Release|x64.Build.0 = Release|x64
		{59C17A99-E996-4214-AFCC-8E134AE1D13C}.Release|x86.ActiveCfg = Release|Win32
		{59C17A99-E996-4214-AFCC-8E134AE1D13C}.Release|x86.Build.0 = Release|Win32
		{C121EF09-D7FD-4737-903B-2BB60467D471}.Debug|x64.ActiveCfg = Debug|x64
		{C121EF09-D7FD-4737-903B-2BB60467D471}.Debug|x64.Build.0 = Debug|x64
		{C121EF09-D7FD-4737-903B-2BB60467D471}.Debug|x86.ActiveCfg = Debug|Win32
		{C121EF09-D7FD-4737-903B-2BB60467D471}.Debug|x86.Build.0 = Debug|Win32
		{C121EF09-D7FD-4737-903B-2BB60467D471}.Release|x64.ActiveCfg = Release|x64
		{C121EF09-D7FD-4737-903B-2BB60467D471}.Release|x64.Build.0 = Release|x64
		{C121EF09-D7FD-4737-903B-2BB60467D471}.Release|x86.ActiveCfg = Release|Win32
		{C121EF09-D7FD-4737-903B-2BB60467D471}.Release|x86.Build.0 = Release|Win32
		{E43B6367-EF23-49A5-A3DD-3AFF3A2E6C4D}.Debug|x64.ActiveCfg = Debug|x64
		{E43B6367-EF23-49A5-A3DD-3AFF3A2E6C4D}.Debug|x64.Build.0 = Debug|x64
		{E43B6367-EF23-49A5-A3DD-3AFF3A2E6C4D}.Debug|x86.ActiveCfg = Debug|Win32
		{E43B6367-EF23-49A5-A3DD-3AFF3A2E6C4D}.Debug|x86.Build.0 = Debug|Win32
		{E43B6367-EF23-49A5-A3DD-3AFF3A2E6C4D}.Release|x64.ActiveCfg = Release|x64
		{E43B6367-EF23-49A5-A3DD-3AFF3A2E6C4D}.Release|x64.Build.0 = Release|x64
		{E43B6367-EF23-49A5-A3DD-3AFF3A2E6C4D}.Release|x86.ActiveCfg = Release|Win32
		{E43B6367-EF23-49A5-A3DD-3AFF3A2E6C4D}.Release|x86.Build.0 = Release|Win32
		{318CD2D0-B635-4446-8E50-99A7F406754A}.Debug|x64.ActiveCfg = Debug|x64
		{318CD2D0-B635-4446-8E50-99A7F406754A}.Debug|x64.Build.0 = Debug|x64
		{318CD2D0-B635-4446-8E50-99A7F406754A}.Debug|x86.ActiveCfg = Debug|Win32
		{318CD2D0-B635-4446-8E50-99A7F406754A}.Debug|x86.Build.0 = Debug|Win32
		{318CD2D0-B635-4446-8E50-99A7F406754A}.Release|x64.ActiveCfg = Release|x64
		{318CD2D0-B635-4446-8E50-99A7F406754A}.Release|x64.Build.0 = Release|x64
		{318CD2D0-B635-4446-8E50-99A7F406754A}.Release|x86.ActiveCfg = Release|Win32
		{318CD2D0-B635-4446-8E50-99A7F406754A}.Release|x86.Build.0 = Release|Win32
		{09677054-2EF7-4261-919B-C2B8FBD56C9F}.Debug|x64.ActiveCfg = Debug|x64
		{09677054-2EF7-4261-919B-C2B8FBD56C9F}.Debug|x64.Build.0 = Debug|x64
		{09677054-2EF7-4261-919B-C2B8FBD56C9F}.Debug|x86.ActiveCfg = Debug|Win32
		{09677054-2EF7-4261-919B-C2B8FBD56C9F}.Debug|x86.Build.0 = Debug|Win32
		{09677054-2EF7-4261-919B-C2B8FBD56C9F}.Release|x64.ActiveCfg = Release|x64
		{09677054-2EF7-4261-919B-C2B8FBD56C9F}.Release|x64.Build.0 = Release|x64
		{09677054-2EF7-4261-919B-C2B8FBD56C9F}.Release|x86.ActiveCfg = Release|Win32
		{09677054-2EF7-4261-919B-C2B8FBD56C9F}.Release|x86.Build.0 = Release|Win32
		{B85140AD-3E68-4B21-8391-10AFF6B489F0}.Debug|x64.ActiveCfg = Debug|x64
		{B85140AD-3E68-4B21-8391-10AFF6B489F0}.Debug|x64.Build.0 = Debug|x64
		{B85140AD-3E68-4B21-8391-10AFF6B489F0}.Debug|x86.ActiveCfg = Debug|Win32
		{B85140AD-3E68-4B21-8391-10AFF6B489F0}.Debug|x86.Build.0 = Debug|Win32
		{B85140AD-3E68-4B21-8391-10AFF6B489F0}.Release|x64.ActiveCfg = Release|x64
		{B85140AD-3E68-4B21-8391-10AFF6B489F0}.Release|x64.Build.0 = Release|x64
		{B85140AD-3E68-4B21-8391-10AFF6B489F0}.Release|x86.ActiveCfg = Release|Win32
		{B85140AD-3E68-4B21-8391-10AFF6B489F0}.Release|x86.Build.0 = Release|Win32
	EndGlobalSection
	GlobalSection(SolutionProperties) = preSolution
		HideSolutionNode = FALSE
	EndGlobalSection
	GlobalSection(NestedProjects) = preSolution
		{283A19D0-5B14-4EB3-81B3-E3DE83B78134} = {E785957F-3A74-4C21-B924-8A4DAEC44067}
		{59C17A99-E996-4214-AFCC-8E134AE1D13C} = {E785957F-3A74-4C21-B924-8A4DAEC44067}
		{C121EF09-D7FD-4737-903B-2BB60467D471} = {372587AD-E1D0-4F17-80D9-C285795A66F3}
		{09677054-2EF7-4261-919B-C2B8FBD56C9F} = {E785957F-3A74-4C21-B924-8A4DAEC44067}
		{B85140AD-3E68-4B21-8391-10AFF6B489F0} = {3A501786-35A6-46FC-A453-C376A00A5D37}
	EndGlobalSection
EndGlobal
